// !$*UTF8*$!
{
	archiveVersion = 1;
	classes = {
	};
	objectVersion = 50;
	objects = {

/* Begin PBXBuildFile section */
		DA29EBA1262BF49700520207 /* Constants.swift in Sources */ = {isa = PBXBuildFile; fileRef = DA29EBA0262BF49700520207 /* Constants.swift */; };
		DA29EBA4262C0A0F00520207 /* LoginTextField.swift in Sources */ = {isa = PBXBuildFile; fileRef = DA29EBA3262C0A0F00520207 /* LoginTextField.swift */; };
		DA29EBA7262C1E3D00520207 /* ImagePicker.swift in Sources */ = {isa = PBXBuildFile; fileRef = DA29EBA6262C1E3D00520207 /* ImagePicker.swift */; };
		DA29EBAA262C53A800520207 /* MainTabView.swift in Sources */ = {isa = PBXBuildFile; fileRef = DA29EBA9262C53A800520207 /* MainTabView.swift */; };
		DA29EBAD262C568A00520207 /* ChatViewHome.swift in Sources */ = {isa = PBXBuildFile; fileRef = DA29EBAC262C568A00520207 /* ChatViewHome.swift */; };
		DA29EBB0262C591B00520207 /* SearchBar.swift in Sources */ = {isa = PBXBuildFile; fileRef = DA29EBAF262C591B00520207 /* SearchBar.swift */; };
		DA29EBB3262C612800520207 /* SegmentView.swift in Sources */ = {isa = PBXBuildFile; fileRef = DA29EBB2262C612800520207 /* SegmentView.swift */; };
		DA29EBB7262C714D00520207 /* StatusCell.swift in Sources */ = {isa = PBXBuildFile; fileRef = DA29EBB6262C714D00520207 /* StatusCell.swift */; };
		DA29EBBA262C751D00520207 /* StatusView.swift in Sources */ = {isa = PBXBuildFile; fileRef = DA29EBB9262C751D00520207 /* StatusView.swift */; };
		DA29EBBD262C7A3B00520207 /* MessageRow.swift in Sources */ = {isa = PBXBuildFile; fileRef = DA29EBBC262C7A3B00520207 /* MessageRow.swift */; };
		DA29EBC0262C807400520207 /* AuthViewModel.swift in Sources */ = {isa = PBXBuildFile; fileRef = DA29EBBF262C807400520207 /* AuthViewModel.swift */; };
		DA949618262FDA94008F40FD /* GroupItem.swift in Sources */ = {isa = PBXBuildFile; fileRef = DA949617262FDA94008F40FD /* GroupItem.swift */; };
		DA94961B262FDEC0008F40FD /* GroupView.swift in Sources */ = {isa = PBXBuildFile; fileRef = DA94961A262FDEC0008F40FD /* GroupView.swift */; };
		DA94961E262FE22A008F40FD /* MessageView.swift in Sources */ = {isa = PBXBuildFile; fileRef = DA94961D262FE22A008F40FD /* MessageView.swift */; };
		DA949621262FE396008F40FD /* CallRow.swift in Sources */ = {isa = PBXBuildFile; fileRef = DA949620262FE396008F40FD /* CallRow.swift */; };
		DA949624262FE52A008F40FD /* CallsView.swift in Sources */ = {isa = PBXBuildFile; fileRef = DA949623262FE52A008F40FD /* CallsView.swift */; };
		DAB580CE262B0AD900180096 /* ChatwireApp.swift in Sources */ = {isa = PBXBuildFile; fileRef = DAB580CD262B0AD900180096 /* ChatwireApp.swift */; };
		DAB580D0262B0AD900180096 /* ContentView.swift in Sources */ = {isa = PBXBuildFile; fileRef = DAB580CF262B0AD900180096 /* ContentView.swift */; };
		DAB580D2262B0ADD00180096 /* Assets.xcassets in Resources */ = {isa = PBXBuildFile; fileRef = DAB580D1262B0ADD00180096 /* Assets.xcassets */; };
		DAB580D5262B0ADD00180096 /* Preview Assets.xcassets in Resources */ = {isa = PBXBuildFile; fileRef = DAB580D4262B0ADD00180096 /* Preview Assets.xcassets */; };
		DAB580E6262B12E500180096 /* LoginView.swift in Sources */ = {isa = PBXBuildFile; fileRef = DAB580E5262B12E500180096 /* LoginView.swift */; };
		DAB580EA262B137000180096 /* BubbleShape.swift in Sources */ = {isa = PBXBuildFile; fileRef = DAB580E9262B137000180096 /* BubbleShape.swift */; };
		DAB580EE262B199C00180096 /* BlurView.swift in Sources */ = {isa = PBXBuildFile; fileRef = DAB580ED262B199C00180096 /* BlurView.swift */; };
/* End PBXBuildFile section */

/* Begin PBXFileReference section */
		DA29EBA0262BF49700520207 /* Constants.swift */ = {isa = PBXFileReference; lastKnownFileType = sourcecode.swift; path = Constants.swift; sourceTree = "<group>"; };
		DA29EBA3262C0A0F00520207 /* LoginTextField.swift */ = {isa = PBXFileReference; lastKnownFileType = sourcecode.swift; path = LoginTextField.swift; sourceTree = "<group>"; };
		DA29EBA6262C1E3D00520207 /* ImagePicker.swift */ = {isa = PBXFileReference; lastKnownFileType = sourcecode.swift; path = ImagePicker.swift; sourceTree = "<group>"; };
		DA29EBA9262C53A800520207 /* MainTabView.swift */ = {isa = PBXFileReference; lastKnownFileType = sourcecode.swift; path = MainTabView.swift; sourceTree = "<group>"; };
		DA29EBAC262C568A00520207 /* ChatViewHome.swift */ = {isa = PBXFileReference; lastKnownFileType = sourcecode.swift; path = ChatViewHome.swift; sourceTree = "<group>"; };
		DA29EBAF262C591B00520207 /* SearchBar.swift */ = {isa = PBXFileReference; lastKnownFileType = sourcecode.swift; path = SearchBar.swift; sourceTree = "<group>"; };
		DA29EBB2262C612800520207 /* SegmentView.swift */ = {isa = PBXFileReference; lastKnownFileType = sourcecode.swift; path = SegmentView.swift; sourceTree = "<group>"; };
		DA29EBB6262C714D00520207 /* StatusCell.swift */ = {isa = PBXFileReference; lastKnownFileType = sourcecode.swift; path = StatusCell.swift; sourceTree = "<group>"; };
		DA29EBB9262C751D00520207 /* StatusView.swift */ = {isa = PBXFileReference; lastKnownFileType = sourcecode.swift; path = StatusView.swift; sourceTree = "<group>"; };
		DA29EBBC262C7A3B00520207 /* MessageRow.swift */ = {isa = PBXFileReference; lastKnownFileType = sourcecode.swift; path = MessageRow.swift; sourceTree = "<group>"; };
		DA29EBBF262C807400520207 /* AuthViewModel.swift */ = {isa = PBXFileReference; lastKnownFileType = sourcecode.swift; path = AuthViewModel.swift; sourceTree = "<group>"; };
		DA949617262FDA94008F40FD /* GroupItem.swift */ = {isa = PBXFileReference; lastKnownFileType = sourcecode.swift; path = GroupItem.swift; sourceTree = "<group>"; };
		DA94961A262FDEC0008F40FD /* GroupView.swift */ = {isa = PBXFileReference; lastKnownFileType = sourcecode.swift; path = GroupView.swift; sourceTree = "<group>"; };
		DA94961D262FE22A008F40FD /* MessageView.swift */ = {isa = PBXFileReference; lastKnownFileType = sourcecode.swift; path = MessageView.swift; sourceTree = "<group>"; };
		DA949620262FE396008F40FD /* CallRow.swift */ = {isa = PBXFileReference; lastKnownFileType = sourcecode.swift; path = CallRow.swift; sourceTree = "<group>"; };
		DA949623262FE52A008F40FD /* CallsView.swift */ = {isa = PBXFileReference; lastKnownFileType = sourcecode.swift; path = CallsView.swift; sourceTree = "<group>"; };
		DAB580CA262B0AD900180096 /* Chatwire.app */ = {isa = PBXFileReference; explicitFileType = wrapper.application; includeInIndex = 0; path = Chatwire.app; sourceTree = BUILT_PRODUCTS_DIR; };
		DAB580CD262B0AD900180096 /* ChatwireApp.swift */ = {isa = PBXFileReference; lastKnownFileType = sourcecode.swift; path = ChatwireApp.swift; sourceTree = "<group>"; };
		DAB580CF262B0AD900180096 /* ContentView.swift */ = {isa = PBXFileReference; lastKnownFileType = sourcecode.swift; path = ContentView.swift; sourceTree = "<group>"; };
		DAB580D1262B0ADD00180096 /* Assets.xcassets */ = {isa = PBXFileReference; lastKnownFileType = folder.assetcatalog; path = Assets.xcassets; sourceTree = "<group>"; };
		DAB580D4262B0ADD00180096 /* Preview Assets.xcassets */ = {isa = PBXFileReference; lastKnownFileType = folder.assetcatalog; path = "Preview Assets.xcassets"; sourceTree = "<group>"; };
		DAB580D6262B0ADD00180096 /* Info.plist */ = {isa = PBXFileReference; lastKnownFileType = text.plist.xml; path = Info.plist; sourceTree = "<group>"; };
		DAB580E5262B12E500180096 /* LoginView.swift */ = {isa = PBXFileReference; lastKnownFileType = sourcecode.swift; path = LoginView.swift; sourceTree = "<group>"; };
		DAB580E9262B137000180096 /* BubbleShape.swift */ = {isa = PBXFileReference; lastKnownFileType = sourcecode.swift; path = BubbleShape.swift; sourceTree = "<group>"; };
		DAB580ED262B199C00180096 /* BlurView.swift */ = {isa = PBXFileReference; lastKnownFileType = sourcecode.swift; path = BlurView.swift; sourceTree = "<group>"; };
/* End PBXFileReference section */

/* Begin PBXFrameworksBuildPhase section */
		DAB580C7262B0AD900180096 /* Frameworks */ = {
			isa = PBXFrameworksBuildPhase;
			buildActionMask = 2147483647;
			files = (
			);
			runOnlyForDeploymentPostprocessing = 0;
		};
/* End PBXFrameworksBuildPhase section */

/* Begin PBXGroup section */
		DAB580C1262B0AD900180096 = {
			isa = PBXGroup;
			children = (
				DAB580CC262B0AD900180096 /* Chatwire */,
				DAB580CB262B0AD900180096 /* Products */,
			);
			sourceTree = "<group>";
		};
		DAB580CB262B0AD900180096 /* Products */ = {
			isa = PBXGroup;
			children = (
				DAB580CA262B0AD900180096 /* Chatwire.app */,
			);
			name = Products;
			sourceTree = "<group>";
		};
		DAB580CC262B0AD900180096 /* Chatwire */ = {
			isa = PBXGroup;
			children = (
				DAB580E0262B0B2900180096 /* Utilities */,
				DAB580DF262B0B2000180096 /* ViewModel */,
				DAB580DE262B0B1A00180096 /* Model */,
				DAB580DD262B0B1400180096 /* View */,
				DAB580CD262B0AD900180096 /* ChatwireApp.swift */,
				DAB580CF262B0AD900180096 /* ContentView.swift */,
				DAB580D1262B0ADD00180096 /* Assets.xcassets */,
				DAB580D6262B0ADD00180096 /* Info.plist */,
				DAB580D3262B0ADD00180096 /* Preview Content */,
			);
			path = Chatwire;
			sourceTree = "<group>";
		};
		DAB580D3262B0ADD00180096 /* Preview Content */ = {
			isa = PBXGroup;
			children = (
				DAB580D4262B0ADD00180096 /* Preview Assets.xcassets */,
			);
			path = "Preview Content";
			sourceTree = "<group>";
		};
		DAB580DD262B0B1400180096 /* View */ = {
			isa = PBXGroup;
			children = (
				DAB580E5262B12E500180096 /* LoginView.swift */,
				DAB580E9262B137000180096 /* BubbleShape.swift */,
				DA29EBA9262C53A800520207 /* MainTabView.swift */,
				DA29EBAC262C568A00520207 /* ChatViewHome.swift */,
				DA29EBB2262C612800520207 /* SegmentView.swift */,
				DA29EBB6262C714D00520207 /* StatusCell.swift */,
				DA29EBB9262C751D00520207 /* StatusView.swift */,
				DA29EBBC262C7A3B00520207 /* MessageRow.swift */,
				DA949617262FDA94008F40FD /* GroupItem.swift */,
				DA94961A262FDEC0008F40FD /* GroupView.swift */,
				DA94961D262FE22A008F40FD /* MessageView.swift */,
				DA949620262FE396008F40FD /* CallRow.swift */,
				DA949623262FE52A008F40FD /* CallsView.swift */,
			);
			path = View;
			sourceTree = "<group>";
		};
		DAB580DE262B0B1A00180096 /* Model */ = {
			isa = PBXGroup;
			children = (
				DA29EBBF262C807400520207 /* AuthViewModel.swift */,
			);
			path = Model;
			sourceTree = "<group>";
		};
		DAB580DF262B0B2000180096 /* ViewModel */ = {
			isa = PBXGroup;
			children = (
			);
			path = ViewModel;
			sourceTree = "<group>";
		};
		DAB580E0262B0B2900180096 /* Utilities */ = {
			isa = PBXGroup;
			children = (
				DAB580EC262B197600180096 /* Custom Views */,
			);
			path = Utilities;
			sourceTree = "<group>";
		};
		DAB580EC262B197600180096 /* Custom Views */ = {
			isa = PBXGroup;
			children = (
				DAB580ED262B199C00180096 /* BlurView.swift */,
				DA29EBA0262BF49700520207 /* Constants.swift */,
				DA29EBA3262C0A0F00520207 /* LoginTextField.swift */,
				DA29EBA6262C1E3D00520207 /* ImagePicker.swift */,
				DA29EBAF262C591B00520207 /* SearchBar.swift */,
			);
			path = "Custom Views";
			sourceTree = "<group>";
		};
/* End PBXGroup section */

/* Begin PBXNativeTarget section */
		DAB580C9262B0AD900180096 /* Chatwire */ = {
			isa = PBXNativeTarget;
			buildConfigurationList = DAB580D9262B0ADD00180096 /* Build configuration list for PBXNativeTarget "Chatwire" */;
			buildPhases = (
				DAB580C6262B0AD900180096 /* Sources */,
				DAB580C7262B0AD900180096 /* Frameworks */,
				DAB580C8262B0AD900180096 /* Resources */,
			);
			buildRules = (
			);
			dependencies = (
			);
			name = Chatwire;
			productName = Chatwire;
			productReference = DAB580CA262B0AD900180096 /* Chatwire.app */;
			productType = "com.apple.product-type.application";
		};
/* End PBXNativeTarget section */

/* Begin PBXProject section */
		DAB580C2262B0AD900180096 /* Project object */ = {
			isa = PBXProject;
			attributes = {
				LastSwiftUpdateCheck = 1240;
				LastUpgradeCheck = 1240;
				TargetAttributes = {
					DAB580C9262B0AD900180096 = {
						CreatedOnToolsVersion = 12.4;
					};
				};
			};
			buildConfigurationList = DAB580C5262B0AD900180096 /* Build configuration list for PBXProject "Chatwire" */;
			compatibilityVersion = "Xcode 9.3";
			developmentRegion = en;
			hasScannedForEncodings = 0;
			knownRegions = (
				en,
				Base,
			);
			mainGroup = DAB580C1262B0AD900180096;
			productRefGroup = DAB580CB262B0AD900180096 /* Products */;
			projectDirPath = "";
			projectRoot = "";
			targets = (
				DAB580C9262B0AD900180096 /* Chatwire */,
			);
		};
/* End PBXProject section */

/* Begin PBXResourcesBuildPhase section */
		DAB580C8262B0AD900180096 /* Resources */ = {
			isa = PBXResourcesBuildPhase;
			buildActionMask = 2147483647;
			files = (
				DAB580D5262B0ADD00180096 /* Preview Assets.xcassets in Resources */,
				DAB580D2262B0ADD00180096 /* Assets.xcassets in Resources */,
			);
			runOnlyForDeploymentPostprocessing = 0;
		};
/* End PBXResourcesBuildPhase section */

/* Begin PBXSourcesBuildPhase section */
		DAB580C6262B0AD900180096 /* Sources */ = {
			isa = PBXSourcesBuildPhase;
			buildActionMask = 2147483647;
			files = (
				DAB580EA262B137000180096 /* BubbleShape.swift in Sources */,
				DA29EBA4262C0A0F00520207 /* LoginTextField.swift in Sources */,
				DA94961B262FDEC0008F40FD /* GroupView.swift in Sources */,
				DA29EBA7262C1E3D00520207 /* ImagePicker.swift in Sources */,
				DAB580D0262B0AD900180096 /* ContentView.swift in Sources */,
				DA29EBBA262C751D00520207 /* StatusView.swift in Sources */,
				DA29EBB0262C591B00520207 /* SearchBar.swift in Sources */,
				DA29EBB3262C612800520207 /* SegmentView.swift in Sources */,
				DA29EBB7262C714D00520207 /* StatusCell.swift in Sources */,
				DAB580E6262B12E500180096 /* LoginView.swift in Sources */,
				DA949624262FE52A008F40FD /* CallsView.swift in Sources */,
				DA29EBA1262BF49700520207 /* Constants.swift in Sources */,
				DA94961E262FE22A008F40FD /* MessageView.swift in Sources */,
				DA949621262FE396008F40FD /* CallRow.swift in Sources */,
				DAB580CE262B0AD900180096 /* ChatwireApp.swift in Sources */,
				DA29EBAD262C568A00520207 /* ChatViewHome.swift in Sources */,
				DA29EBC0262C807400520207 /* AuthViewModel.swift in Sources */,
				DAB580EE262B199C00180096 /* BlurView.swift in Sources */,
				DA949618262FDA94008F40FD /* GroupItem.swift in Sources */,
				DA29EBAA262C53A800520207 /* MainTabView.swift in Sources */,
				DA29EBBD262C7A3B00520207 /* MessageRow.swift in Sources */,
			);
			runOnlyForDeploymentPostprocessing = 0;
		};
/* End PBXSourcesBuildPhase section */

/* Begin XCBuildConfiguration section */
		DAB580D7262B0ADD00180096 /* Debug */ = {
			isa = XCBuildConfiguration;
			buildSettings = {
				ALWAYS_SEARCH_USER_PATHS = NO;
				CLANG_ANALYZER_NONNULL = YES;
				CLANG_ANALYZER_NUMBER_OBJECT_CONVERSION = YES_AGGRESSIVE;
				CLANG_CXX_LANGUAGE_STANDARD = "gnu++14";
				CLANG_CXX_LIBRARY = "libc++";
				CLANG_ENABLE_MODULES = YES;
				CLANG_ENABLE_OBJC_ARC = YES;
				CLANG_ENABLE_OBJC_WEAK = YES;
				CLANG_WARN_BLOCK_CAPTURE_AUTORELEASING = YES;
				CLANG_WARN_BOOL_CONVERSION = YES;
				CLANG_WARN_COMMA = YES;
				CLANG_WARN_CONSTANT_CONVERSION = YES;
				CLANG_WARN_DEPRECATED_OBJC_IMPLEMENTATIONS = YES;
				CLANG_WARN_DIRECT_OBJC_ISA_USAGE = YES_ERROR;
				CLANG_WARN_DOCUMENTATION_COMMENTS = YES;
				CLANG_WARN_EMPTY_BODY = YES;
				CLANG_WARN_ENUM_CONVERSION = YES;
				CLANG_WARN_INFINITE_RECURSION = YES;
				CLANG_WARN_INT_CONVERSION = YES;
				CLANG_WARN_NON_LITERAL_NULL_CONVERSION = YES;
				CLANG_WARN_OBJC_IMPLICIT_RETAIN_SELF = YES;
				CLANG_WARN_OBJC_LITERAL_CONVERSION = YES;
				CLANG_WARN_OBJC_ROOT_CLASS = YES_ERROR;
				CLANG_WARN_QUOTED_INCLUDE_IN_FRAMEWORK_HEADER = YES;
				CLANG_WARN_RANGE_LOOP_ANALYSIS = YES;
				CLANG_WARN_STRICT_PROTOTYPES = YES;
				CLANG_WARN_SUSPICIOUS_MOVE = YES;
				CLANG_WARN_UNGUARDED_AVAILABILITY = YES_AGGRESSIVE;
				CLANG_WARN_UNREACHABLE_CODE = YES;
				CLANG_WARN__DUPLICATE_METHOD_MATCH = YES;
				COPY_PHASE_STRIP = NO;
				DEBUG_INFORMATION_FORMAT = dwarf;
				ENABLE_STRICT_OBJC_MSGSEND = YES;
				ENABLE_TESTABILITY = YES;
				GCC_C_LANGUAGE_STANDARD = gnu11;
				GCC_DYNAMIC_NO_PIC = NO;
				GCC_NO_COMMON_BLOCKS = YES;
				GCC_OPTIMIZATION_LEVEL = 0;
				GCC_PREPROCESSOR_DEFINITIONS = (
					"DEBUG=1",
					"$(inherited)",
				);
				GCC_WARN_64_TO_32_BIT_CONVERSION = YES;
				GCC_WARN_ABOUT_RETURN_TYPE = YES_ERROR;
				GCC_WARN_UNDECLARED_SELECTOR = YES;
				GCC_WARN_UNINITIALIZED_AUTOS = YES_AGGRESSIVE;
				GCC_WARN_UNUSED_FUNCTION = YES;
				GCC_WARN_UNUSED_VARIABLE = YES;
				IPHONEOS_DEPLOYMENT_TARGET = 14.4;
				MTL_ENABLE_DEBUG_INFO = INCLUDE_SOURCE;
				MTL_FAST_MATH = YES;
				ONLY_ACTIVE_ARCH = YES;
				SDKROOT = iphoneos;
				SWIFT_ACTIVE_COMPILATION_CONDITIONS = DEBUG;
				SWIFT_OPTIMIZATION_LEVEL = "-Onone";
			};
			name = Debug;
		};
		DAB580D8262B0ADD00180096 /* Release */ = {
			isa = XCBuildConfiguration;
			buildSettings = {
				ALWAYS_SEARCH_USER_PATHS = NO;
				CLANG_ANALYZER_NONNULL = YES;
				CLANG_ANALYZER_NUMBER_OBJECT_CONVERSION = YES_AGGRESSIVE;
				CLANG_CXX_LANGUAGE_STANDARD = "gnu++14";
				CLANG_CXX_LIBRARY = "libc++";
				CLANG_ENABLE_MODULES = YES;
				CLANG_ENABLE_OBJC_ARC = YES;
				CLANG_ENABLE_OBJC_WEAK = YES;
				CLANG_WARN_BLOCK_CAPTURE_AUTORELEASING = YES;
				CLANG_WARN_BOOL_CONVERSION = YES;
				CLANG_WARN_COMMA = YES;
				CLANG_WARN_CONSTANT_CONVERSION = YES;
				CLANG_WARN_DEPRECATED_OBJC_IMPLEMENTATIONS = YES;
				CLANG_WARN_DIRECT_OBJC_ISA_USAGE = YES_ERROR;
				CLANG_WARN_DOCUMENTATION_COMMENTS = YES;
				CLANG_WARN_EMPTY_BODY = YES;
				CLANG_WARN_ENUM_CONVERSION = YES;
				CLANG_WARN_INFINITE_RECURSION = YES;
				CLANG_WARN_INT_CONVERSION = YES;
				CLANG_WARN_NON_LITERAL_NULL_CONVERSION = YES;
				CLANG_WARN_OBJC_IMPLICIT_RETAIN_SELF = YES;
				CLANG_WARN_OBJC_LITERAL_CONVERSION = YES;
				CLANG_WARN_OBJC_ROOT_CLASS = YES_ERROR;
				CLANG_WARN_QUOTED_INCLUDE_IN_FRAMEWORK_HEADER = YES;
				CLANG_WARN_RANGE_LOOP_ANALYSIS = YES;
				CLANG_WARN_STRICT_PROTOTYPES = YES;
				CLANG_WARN_SUSPICIOUS_MOVE = YES;
				CLANG_WARN_UNGUARDED_AVAILABILITY = YES_AGGRESSIVE;
				CLANG_WARN_UNREACHABLE_CODE = YES;
				CLANG_WARN__DUPLICATE_METHOD_MATCH = YES;
				COPY_PHASE_STRIP = NO;
				DEBUG_INFORMATION_FORMAT = "dwarf-with-dsym";
				ENABLE_NS_ASSERTIONS = NO;
				ENABLE_STRICT_OBJC_MSGSEND = YES;
				GCC_C_LANGUAGE_STANDARD = gnu11;
				GCC_NO_COMMON_BLOCKS = YES;
				GCC_WARN_64_TO_32_BIT_CONVERSION = YES;
				GCC_WARN_ABOUT_RETURN_TYPE = YES_ERROR;
				GCC_WARN_UNDECLARED_SELECTOR = YES;
				GCC_WARN_UNINITIALIZED_AUTOS = YES_AGGRESSIVE;
				GCC_WARN_UNUSED_FUNCTION = YES;
				GCC_WARN_UNUSED_VARIABLE = YES;
				IPHONEOS_DEPLOYMENT_TARGET = 14.4;
				MTL_ENABLE_DEBUG_INFO = NO;
				MTL_FAST_MATH = YES;
				SDKROOT = iphoneos;
				SWIFT_COMPILATION_MODE = wholemodule;
				SWIFT_OPTIMIZATION_LEVEL = "-O";
				VALIDATE_PRODUCT = YES;
			};
			name = Release;
		};
		DAB580DA262B0ADD00180096 /* Debug */ = {
			isa = XCBuildConfiguration;
			buildSettings = {
				ASSETCATALOG_COMPILER_APPICON_NAME = AppIcon;
				ASSETCATALOG_COMPILER_GLOBAL_ACCENT_COLOR_NAME = AccentColor;
				CODE_SIGN_STYLE = Automatic;
				DEVELOPMENT_ASSET_PATHS = "\"Chatwire/Preview Content\"";
				DEVELOPMENT_TEAM = 4VRJV777FC;
				ENABLE_PREVIEWS = YES;
				INFOPLIST_FILE = Chatwire/Info.plist;
				IPHONEOS_DEPLOYMENT_TARGET = 14.0;
				LD_RUNPATH_SEARCH_PATHS = (
					"$(inherited)",
					"@executable_path/Frameworks",
				);
				PRODUCT_BUNDLE_IDENTIFIER = com.jp.Chatwire;
				PRODUCT_NAME = "$(TARGET_NAME)";
				SWIFT_VERSION = 5.0;
				TARGETED_DEVICE_FAMILY = "1,2";
			};
			name = Debug;
		};
		DAB580DB262B0ADD00180096 /* Release */ = {
			isa = XCBuildConfiguration;
			buildSettings = {
				ASSETCATALOG_COMPILER_APPICON_NAME = AppIcon;
				ASSETCATALOG_COMPILER_GLOBAL_ACCENT_COLOR_NAME = AccentColor;
				CODE_SIGN_STYLE = Automatic;
				DEVELOPMENT_ASSET_PATHS = "\"Chatwire/Preview Content\"";
				DEVELOPMENT_TEAM = 4VRJV777FC;
				ENABLE_PREVIEWS = YES;
				INFOPLIST_FILE = Chatwire/Info.plist;
				IPHONEOS_DEPLOYMENT_TARGET = 14.0;
				LD_RUNPATH_SEARCH_PATHS = (
					"$(inherited)",
					"@executable_path/Frameworks",
				);
				PRODUCT_BUNDLE_IDENTIFIER = com.jp.Chatwire;
				PRODUCT_NAME = "$(TARGET_NAME)";
				SWIFT_VERSION = 5.0;
				TARGETED_DEVICE_FAMILY = "1,2";
			};
			name = Release;
		};
/* End XCBuildConfiguration section */

/* Begin XCConfigurationList section */
		DAB580C5262B0AD900180096 /* Build configuration list for PBXProject "Chatwire" */ = {
			isa = XCConfigurationList;
			buildConfigurations = (
				DAB580D7262B0ADD00180096 /* Debug */,
				DAB580D8262B0ADD00180096 /* Release */,
			);
			defaultConfigurationIsVisible = 0;
			defaultConfigurationName = Release;
		};
		DAB580D9262B0ADD00180096 /* Build configuration list for PBXNativeTarget "Chatwire" */ = {
			isa = XCConfigurationList;
			buildConfigurations = (
				DAB580DA262B0ADD00180096 /* Debug */,
				DAB580DB262B0ADD00180096 /* Release */,
			);
			defaultConfigurationIsVisible = 0;
			defaultConfigurationName = Release;
		};
/* End XCConfigurationList section */
	};
	rootObject = DAB580C2262B0AD900180096 /* Project object */;
}
